
Microsoft Visual Studio Solution File, Format Version 12.00
# Visual Studio 15
VisualStudioVersion = 15.0.26124.0
MinimumVisualStudioVersion = 15.0.26124.0
Project("{FAE04EC0-301F-11D3-BF4B-00C04F79EFBC}") = "Domain", "Domain\Domain.csproj", "{8D680889-AE9D-4BDF-84FA-A21E48F4FBB7}"
EndProject
Project("{FAE04EC0-301F-11D3-BF4B-00C04F79EFBC}") = "Application", "Application\Application.csproj", "{9BD4A807-CF8E-48A9-A305-6D35A941AFB2}"
EndProject
Project("{FAE04EC0-301F-11D3-BF4B-00C04F79EFBC}") = "Persistence", "Persistence\Persistence.csproj", "{D7D5E982-EF03-457C-B487-C80C613E1513}"
EndProject
Project("{FAE04EC0-301F-11D3-BF4B-00C04F79EFBC}") = "API", "api\API.csproj", "{946ED4C5-1610-4D12-A1A1-E2673573F072}"
EndProject
Global
	GlobalSection(SolutionConfigurationPlatforms) = preSolution
		Debug|Any CPU = Debug|Any CPU
		Debug|x64 = Debug|x64
		Debug|x86 = Debug|x86
		Release|Any CPU = Release|Any CPU
		Release|x64 = Release|x64
		Release|x86 = Release|x86
	EndGlobalSection
	GlobalSection(SolutionProperties) = preSolution
		HideSolutionNode = FALSE
	EndGlobalSection
	GlobalSection(ProjectConfigurationPlatforms) = postSolution
		{8D680889-AE9D-4BDF-84FA-A21E48F4FBB7}.Debug|Any CPU.ActiveCfg = Debug|Any CPU
		{8D680889-AE9D-4BDF-84FA-A21E48F4FBB7}.Debug|Any CPU.Build.0 = Debug|Any CPU
		{8D680889-AE9D-4BDF-84FA-A21E48F4FBB7}.Debug|x64.ActiveCfg = Debug|Any CPU
		{8D680889-AE9D-4BDF-84FA-A21E48F4FBB7}.Debug|x64.Build.0 = Debug|Any CPU
		{8D680889-AE9D-4BDF-84FA-A21E48F4FBB7}.Debug|x86.ActiveCfg = Debug|Any CPU
		{8D680889-AE9D-4BDF-84FA-A21E48F4FBB7}.Debug|x86.Build.0 = Debug|Any CPU
		{8D680889-AE9D-4BDF-84FA-A21E48F4FBB7}.Release|Any CPU.ActiveCfg = Release|Any CPU
		{8D680889-AE9D-4BDF-84FA-A21E48F4FBB7}.Release|Any CPU.Build.0 = Release|Any CPU
		{8D680889-AE9D-4BDF-84FA-A21E48F4FBB7}.Release|x64.ActiveCfg = Release|Any CPU
		{8D680889-AE9D-4BDF-84FA-A21E48F4FBB7}.Release|x64.Build.0 = Release|Any CPU
		{8D680889-AE9D-4BDF-84FA-A21E48F4FBB7}.Release|x86.ActiveCfg = Release|Any CPU
		{8D680889-AE9D-4BDF-84FA-A21E48F4FBB7}.Release|x86.Build.0 = Release|Any CPU
		{9BD4A807-CF8E-48A9-A305-6D35A941AFB2}.Debug|Any CPU.ActiveCfg = Debug|Any CPU
		{9BD4A807-CF8E-48A9-A305-6D35A941AFB2}.Debug|Any CPU.Build.0 = Debug|Any CPU
		{9BD4A807-CF8E-48A9-A305-6D35A941AFB2}.Debug|x64.ActiveCfg = Debug|Any CPU
		{9BD4A807-CF8E-48A9-A305-6D35A941AFB2}.Debug|x64.Build.0 = Debug|Any CPU
		{9BD4A807-CF8E-48A9-A305-6D35A941AFB2}.Debug|x86.ActiveCfg = Debug|Any CPU
		{9BD4A807-CF8E-48A9-A305-6D35A941AFB2}.Debug|x86.Build.0 = Debug|Any CPU
		{9BD4A807-CF8E-48A9-A305-6D35A941AFB2}.Release|Any CPU.ActiveCfg = Release|Any CPU
		{9BD4A807-CF8E-48A9-A305-6D35A941AFB2}.Release|Any CPU.Build.0 = Release|Any CPU
		{9BD4A807-CF8E-48A9-A305-6D35A941AFB2}.Release|x64.ActiveCfg = Release|Any CPU
		{9BD4A807-CF8E-48A9-A305-6D35A941AFB2}.Release|x64.Build.0 = Release|Any CPU
		{9BD4A807-CF8E-48A9-A305-6D35A941AFB2}.Release|x86.ActiveCfg = Release|Any CPU
		{9BD4A807-CF8E-48A9-A305-6D35A941AFB2}.Release|x86.Build.0 = Release|Any CPU
		{D7D5E982-EF03-457C-B487-C80C613E1513}.Debug|Any CPU.ActiveCfg = Debug|Any CPU
		{D7D5E982-EF03-457C-B487-C80C613E1513}.Debug|Any CPU.Build.0 = Debug|Any CPU
		{D7D5E982-EF03-457C-B487-C80C613E1513}.Debug|x64.ActiveCfg = Debug|Any CPU
		{D7D5E982-EF03-457C-B487-C80C613E1513}.Debug|x64.Build.0 = Debug|Any CPU
		{D7D5E982-EF03-457C-B487-C80C613E1513}.Debug|x86.ActiveCfg = Debug|Any CPU
		{D7D5E982-EF03-457C-B487-C80C613E1513}.Debug|x86.Build.0 = Debug|Any CPU
		{D7D5E982-EF03-457C-B487-C80C613E1513}.Release|Any CPU.ActiveCfg = Release|Any CPU
		{D7D5E982-EF03-457C-B487-C80C613E1513}.Release|Any CPU.Build.0 = Release|Any CPU
		{D7D5E982-EF03-457C-B487-C80C613E1513}.Release|x64.ActiveCfg = Release|Any CPU
		{D7D5E982-EF03-457C-B487-C80C613E1513}.Release|x64.Build.0 = Release|Any CPU
		{D7D5E982-EF03-457C-B487-C80C613E1513}.Release|x86.ActiveCfg = Release|Any CPU
		{D7D5E982-EF03-457C-B487-C80C613E1513}.Release|x86.Build.0 = Release|Any CPU
		{946ED4C5-1610-4D12-A1A1-E2673573F072}.Debug|Any CPU.ActiveCfg = Debug|Any CPU
		{946ED4C5-1610-4D12-A1A1-E2673573F072}.Debug|Any CPU.Build.0 = Debug|Any CPU
		{946ED4C5-1610-4D12-A1A1-E2673573F072}.Debug|x64.ActiveCfg = Debug|Any CPU
		{946ED4C5-1610-4D12-A1A1-E2673573F072}.Debug|x64.Build.0 = Debug|Any CPU
		{946ED4C5-1610-4D12-A1A1-E2673573F072}.Debug|x86.ActiveCfg = Debug|Any CPU
		{946ED4C5-1610-4D12-A1A1-E2673573F072}.Debug|x86.Build.0 = Debug|Any CPU
		{946ED4C5-1610-4D12-A1A1-E2673573F072}.Release|Any CPU.ActiveCfg = Release|Any CPU
		{946ED4C5-1610-4D12-A1A1-E2673573F072}.Release|Any CPU.Build.0 = Release|Any CPU
		{946ED4C5-1610-4D12-A1A1-E2673573F072}.Release|x64.ActiveCfg = Release|Any CPU
		{946ED4C5-1610-4D12-A1A1-E2673573F072}.Release|x64.Build.0 = Release|Any CPU
		{946ED4C5-1610-4D12-A1A1-E2673573F072}.Release|x86.ActiveCfg = Release|Any CPU
		{946ED4C5-1610-4D12-A1A1-E2673573F072}.Release|x86.Build.0 = Release|Any CPU
	EndGlobalSection
EndGlobal
